dependencies:
- name: postgresql
  repository: oci://tfy.jfrog.io/tfy-mirror/bitnamicharts
  version: 18.1.14
- name: kube-prometheus-stack
  repository: https://prometheus-community.github.io/helm-charts
  version: 85.3.3
digest: sha256:3baf8678b18c8b530e1a81f1ab43759d79940be94e52af57c86b17159fdd8f7c
generated: "2026-05-27T18:16:26.466846+05:30"
